
Microsoft Visual Studio Solution File, Format Version 12.00
# Visual Studio 15
VisualStudioVersion = 15.0.27428.2037
MinimumVisualStudioVersion = 10.0.40219.1
Project("{FAE04EC0-301F-11D3-BF4B-00C04F79EFBC}") = "DoorsExport", "DoorsExport\DoorsExport.csproj", "{41618AB6-8D02-4EF3-86E6-AAF8C4060FF1}"
EndProject
Project("{FAE04EC0-301F-11D3-BF4B-00C04F79EFBC}") = "DoorsExport.Model", "DoorsExport.Model\DoorsExport.Model.csproj", "{16FE07E3-6E88-4DF2-BBA8-E02CE06212D8}"
EndProject
Project("{FAE04EC0-301F-11D3-BF4B-00C04F79EFBC}") = "DoorsExport.Data", "DoorsExport.Data\DoorsExport.Data.csproj", "{50FFBD85-74ED-49A4-9F7B-9CB39D1EB256}"
EndProject
Global
	GlobalSection(SolutionConfigurationPlatforms) = preSolution
		Debug|Any CPU = Debug|Any CPU
		Release|Any CPU = Release|Any CPU
	EndGlobalSection
	GlobalSection(ProjectConfigurationPlatforms) = postSolution
		{41618AB6-8D02-4EF3-86E6-AAF8C4060FF1}.Debug|Any CPU.ActiveCfg = Debug|Any CPU
		{41618AB6-8D02-4EF3-86E6-AAF8C4060FF1}.Debug|Any CPU.Build.0 = Debug|Any CPU
		{41618AB6-8D02-4EF3-86E6-AAF8C4060FF1}.Release|Any CPU.ActiveCfg = Release|Any CPU
		{41618AB6-8D02-4EF3-86E6-AAF8C4060FF1}.Release|Any CPU.Build.0 = Release|Any CPU
		{16FE07E3-6E88-4DF2-BBA8-E02CE06212D8}.Debug|Any CPU.ActiveCfg = Debug|Any CPU
		{16FE07E3-6E88-4DF2-BBA8-E02CE06212D8}.Debug|Any CPU.Build.0 = Debug|Any CPU
		{16FE07E3-6E88-4DF2-BBA8-E02CE06212D8}.Release|Any CPU.ActiveCfg = Release|Any CPU
		{16FE07E3-6E88-4DF2-BBA8-E02CE06212D8}.Release|Any CPU.Build.0 = Release|Any CPU
		{50FFBD85-74ED-49A4-9F7B-9CB39D1EB256}.Debug|Any CPU.ActiveCfg = Debug|Any CPU
		{50FFBD85-74ED-49A4-9F7B-9CB39D1EB256}.Debug|Any CPU.Build.0 = Debug|Any CPU
		{50FFBD85-74ED-49A4-9F7B-9CB39D1EB256}.Release|Any CPU.ActiveCfg = Release|Any CPU
		{50FFBD85-74ED-49A4-9F7B-9CB39D1EB256}.Release|Any CPU.Build.0 = Release|Any CPU
	EndGlobalSection
	GlobalSection(SolutionProperties) = preSolution
		HideSolutionNode = FALSE
	EndGlobalSection
	GlobalSection(ExtensibilityGlobals) = postSolution
		SolutionGuid = {EB1D437F-40D3-45F7-8859-535160734F89}
	EndGlobalSection
EndGlobal
